// !$*UTF8*$!
{
	archiveVersion = 1;
	classes = {
	};
	objectVersion = 55;
	objects = {

/* Begin PBXBuildFile section */
		D30EB7CC285347E40061DB82 /* Position+CoreDataClass.swift in Sources */ = {isa = PBXBuildFile; fileRef = D30EB7C4285347E40061DB82 /* Position+CoreDataClass.swift */; };
		D30EB7CD285347E40061DB82 /* Position+CoreDataProperties.swift in Sources */ = {isa = PBXBuildFile; fileRef = D30EB7C5285347E40061DB82 /* Position+CoreDataProperties.swift */; };
		D30EB7CE285347E40061DB82 /* Location+CoreDataClass.swift in Sources */ = {isa = PBXBuildFile; fileRef = D30EB7C6285347E40061DB82 /* Location+CoreDataClass.swift */; };
		D30EB7CF285347E40061DB82 /* Location+CoreDataProperties.swift in Sources */ = {isa = PBXBuildFile; fileRef = D30EB7C7285347E40061DB82 /* Location+CoreDataProperties.swift */; };
		D30EB7D0285347E40061DB82 /* Group+CoreDataClass.swift in Sources */ = {isa = PBXBuildFile; fileRef = D30EB7C8285347E40061DB82 /* Group+CoreDataClass.swift */; };
		D30EB7D1285347E40061DB82 /* Group+CoreDataProperties.swift in Sources */ = {isa = PBXBuildFile; fileRef = D30EB7C9285347E40061DB82 /* Group+CoreDataProperties.swift */; };
		D30EB7D2285347E40061DB82 /* Employee+CoreDataClass.swift in Sources */ = {isa = PBXBuildFile; fileRef = D30EB7CA285347E40061DB82 /* Employee+CoreDataClass.swift */; };
		D30EB7D3285347E40061DB82 /* Employee+CoreDataProperties.swift in Sources */ = {isa = PBXBuildFile; fileRef = D30EB7CB285347E40061DB82 /* Employee+CoreDataProperties.swift */; };
		D30EB7D6285349AE0061DB82 /* DataStoreManager.swift in Sources */ = {isa = PBXBuildFile; fileRef = D30EB7D5285349AE0061DB82 /* DataStoreManager.swift */; };
		D313C798285C6C7D00175C32 /* Constants.swift in Sources */ = {isa = PBXBuildFile; fileRef = D313C797285C6C7D00175C32 /* Constants.swift */; };
		D313C7A7285C9C5C00175C32 /* TeamCell.swift in Sources */ = {isa = PBXBuildFile; fileRef = D313C7A5285C9C5C00175C32 /* TeamCell.swift */; };
		D313C7A8285C9C5C00175C32 /* TeamCell.xib in Resources */ = {isa = PBXBuildFile; fileRef = D313C7A6285C9C5C00175C32 /* TeamCell.xib */; };
		D313C7AC2860659200175C32 /* DetailTeamViewController.swift in Sources */ = {isa = PBXBuildFile; fileRef = D313C7AB2860659200175C32 /* DetailTeamViewController.swift */; };
		D313C7AE2860666800175C32 /* DetailTeamDelegate.swift in Sources */ = {isa = PBXBuildFile; fileRef = D313C7AD2860666800175C32 /* DetailTeamDelegate.swift */; };
		D33CEE732861E69800C6FB71 /* ProfileViewController.swift in Sources */ = {isa = PBXBuildFile; fileRef = D33CEE722861E69800C6FB71 /* ProfileViewController.swift */; };
		D3C05911286AF8490067931E /* NoResultView.swift in Sources */ = {isa = PBXBuildFile; fileRef = D3C05910286AF8490067931E /* NoResultView.swift */; };
		D3C05919286B2BEF0067931E /* EmployeeCell.swift in Sources */ = {isa = PBXBuildFile; fileRef = D3C05917286B2BEF0067931E /* EmployeeCell.swift */; };
		D3C0591A286B2BEF0067931E /* EmployeeCell.xib in Resources */ = {isa = PBXBuildFile; fileRef = D3C05918286B2BEF0067931E /* EmployeeCell.xib */; };
		D3EDD4ED28523BD50060E78F /* AppDelegate.swift in Sources */ = {isa = PBXBuildFile; fileRef = D3EDD4EC28523BD50060E78F /* AppDelegate.swift */; };
		D3EDD4EF28523BD50060E78F /* SceneDelegate.swift in Sources */ = {isa = PBXBuildFile; fileRef = D3EDD4EE28523BD50060E78F /* SceneDelegate.swift */; };
		D3EDD4F128523BD50060E78F /* TeamsViewController.swift in Sources */ = {isa = PBXBuildFile; fileRef = D3EDD4F028523BD50060E78F /* TeamsViewController.swift */; };
		D3EDD4F428523BD50060E78F /* Main.storyboard in Resources */ = {isa = PBXBuildFile; fileRef = D3EDD4F228523BD50060E78F /* Main.storyboard */; };
		D3EDD4F728523BD50060E78F /* TeamsManager.xcdatamodeld in Sources */ = {isa = PBXBuildFile; fileRef = D3EDD4F528523BD50060E78F /* TeamsManager.xcdatamodeld */; };
		D3EDD4F928523BD70060E78F /* Assets.xcassets in Resources */ = {isa = PBXBuildFile; fileRef = D3EDD4F828523BD70060E78F /* Assets.xcassets */; };
		D3EDD4FC28523BD70060E78F /* LaunchScreen.storyboard in Resources */ = {isa = PBXBuildFile; fileRef = D3EDD4FA28523BD70060E78F /* LaunchScreen.storyboard */; };
/* End PBXBuildFile section */

/* Begin PBXFileReference section */
		D30EB7C4285347E40061DB82 /* Position+CoreDataClass.swift */ = {isa = PBXFileReference; lastKnownFileType = sourcecode.swift; path = "Position+CoreDataClass.swift"; sourceTree = "<group>"; };
		D30EB7C5285347E40061DB82 /* Position+CoreDataProperties.swift */ = {isa = PBXFileReference; lastKnownFileType = sourcecode.swift; path = "Position+CoreDataProperties.swift"; sourceTree = "<group>"; };
		D30EB7C6285347E40061DB82 /* Location+CoreDataClass.swift */ = {isa = PBXFileReference; lastKnownFileType = sourcecode.swift; path = "Location+CoreDataClass.swift"; sourceTree = "<group>"; };
		D30EB7C7285347E40061DB82 /* Location+CoreDataProperties.swift */ = {isa = PBXFileReference; lastKnownFileType = sourcecode.swift; path = "Location+CoreDataProperties.swift"; sourceTree = "<group>"; };
		D30EB7C8285347E40061DB82 /* Group+CoreDataClass.swift */ = {isa = PBXFileReference; lastKnownFileType = sourcecode.swift; path = "Group+CoreDataClass.swift"; sourceTree = "<group>"; };
		D30EB7C9285347E40061DB82 /* Group+CoreDataProperties.swift */ = {isa = PBXFileReference; lastKnownFileType = sourcecode.swift; path = "Group+CoreDataProperties.swift"; sourceTree = "<group>"; };
		D30EB7CA285347E40061DB82 /* Employee+CoreDataClass.swift */ = {isa = PBXFileReference; lastKnownFileType = sourcecode.swift; path = "Employee+CoreDataClass.swift"; sourceTree = "<group>"; };
		D30EB7CB285347E40061DB82 /* Employee+CoreDataProperties.swift */ = {isa = PBXFileReference; lastKnownFileType = sourcecode.swift; path = "Employee+CoreDataProperties.swift"; sourceTree = "<group>"; };
		D30EB7D5285349AE0061DB82 /* DataStoreManager.swift */ = {isa = PBXFileReference; lastKnownFileType = sourcecode.swift; path = DataStoreManager.swift; sourceTree = "<group>"; };
		D313C797285C6C7D00175C32 /* Constants.swift */ = {isa = PBXFileReference; lastKnownFileType = sourcecode.swift; path = Constants.swift; sourceTree = "<group>"; };
		D313C7A5285C9C5C00175C32 /* TeamCell.swift */ = {isa = PBXFileReference; lastKnownFileType = sourcecode.swift; path = TeamCell.swift; sourceTree = "<group>"; };
		D313C7A6285C9C5C00175C32 /* TeamCell.xib */ = {isa = PBXFileReference; lastKnownFileType = file.xib; path = TeamCell.xib; sourceTree = "<group>"; };
		D313C7AB2860659200175C32 /* DetailTeamViewController.swift */ = {isa = PBXFileReference; lastKnownFileType = sourcecode.swift; path = DetailTeamViewController.swift; sourceTree = "<group>"; };
		D313C7AD2860666800175C32 /* DetailTeamDelegate.swift */ = {isa = PBXFileReference; lastKnownFileType = sourcecode.swift; path = DetailTeamDelegate.swift; sourceTree = "<group>"; };
		D33CEE722861E69800C6FB71 /* ProfileViewController.swift */ = {isa = PBXFileReference; lastKnownFileType = sourcecode.swift; path = ProfileViewController.swift; sourceTree = "<group>"; };
		D3C05910286AF8490067931E /* NoResultView.swift */ = {isa = PBXFileReference; lastKnownFileType = sourcecode.swift; path = NoResultView.swift; sourceTree = "<group>"; };
		D3C05917286B2BEF0067931E /* EmployeeCell.swift */ = {isa = PBXFileReference; lastKnownFileType = sourcecode.swift; path = EmployeeCell.swift; sourceTree = "<group>"; };
		D3C05918286B2BEF0067931E /* EmployeeCell.xib */ = {isa = PBXFileReference; lastKnownFileType = file.xib; path = EmployeeCell.xib; sourceTree = "<group>"; };
		D3EDD4E928523BD50060E78F /* TeamsManager.app */ = {isa = PBXFileReference; explicitFileType = wrapper.application; includeInIndex = 0; path = TeamsManager.app; sourceTree = BUILT_PRODUCTS_DIR; };
		D3EDD4EC28523BD50060E78F /* AppDelegate.swift */ = {isa = PBXFileReference; lastKnownFileType = sourcecode.swift; path = AppDelegate.swift; sourceTree = "<group>"; };
		D3EDD4EE28523BD50060E78F /* SceneDelegate.swift */ = {isa = PBXFileReference; lastKnownFileType = sourcecode.swift; path = SceneDelegate.swift; sourceTree = "<group>"; };
		D3EDD4F028523BD50060E78F /* TeamsViewController.swift */ = {isa = PBXFileReference; lastKnownFileType = sourcecode.swift; path = TeamsViewController.swift; sourceTree = "<group>"; };
		D3EDD4F328523BD50060E78F /* Base */ = {isa = PBXFileReference; lastKnownFileType = file.storyboard; name = Base; path = Base.lproj/Main.storyboard; sourceTree = "<group>"; };
		D3EDD4F628523BD50060E78F /* TeamsManager.xcdatamodel */ = {isa = PBXFileReference; lastKnownFileType = wrapper.xcdatamodel; path = TeamsManager.xcdatamodel; sourceTree = "<group>"; };
		D3EDD4F828523BD70060E78F /* Assets.xcassets */ = {isa = PBXFileReference; lastKnownFileType = folder.assetcatalog; path = Assets.xcassets; sourceTree = "<group>"; };
		D3EDD4FB28523BD70060E78F /* Base */ = {isa = PBXFileReference; lastKnownFileType = file.storyboard; name = Base; path = Base.lproj/LaunchScreen.storyboard; sourceTree = "<group>"; };
		D3F454922878507C00ECC993 /* Info.plist */ = {isa = PBXFileReference; fileEncoding = 4; lastKnownFileType = text.plist.xml; path = Info.plist; sourceTree = "<group>"; };
/* End PBXFileReference section */

/* Begin PBXFrameworksBuildPhase section */
		D3EDD4E628523BD50060E78F /* Frameworks */ = {
			isa = PBXFrameworksBuildPhase;
			buildActionMask = 2147483647;
			files = (
			);
			runOnlyForDeploymentPostprocessing = 0;
		};
/* End PBXFrameworksBuildPhase section */

/* Begin PBXGroup section */
		D30EB7D4285347E90061DB82 /* Models */ = {
			isa = PBXGroup;
			children = (
				D30EB7C4285347E40061DB82 /* Position+CoreDataClass.swift */,
				D30EB7C5285347E40061DB82 /* Position+CoreDataProperties.swift */,
				D30EB7C6285347E40061DB82 /* Location+CoreDataClass.swift */,
				D30EB7C7285347E40061DB82 /* Location+CoreDataProperties.swift */,
				D30EB7C8285347E40061DB82 /* Group+CoreDataClass.swift */,
				D30EB7C9285347E40061DB82 /* Group+CoreDataProperties.swift */,
				D30EB7CA285347E40061DB82 /* Employee+CoreDataClass.swift */,
				D30EB7CB285347E40061DB82 /* Employee+CoreDataProperties.swift */,
			);
			path = Models;
			sourceTree = "<group>";
		};
		D313C791285C64E600175C32 /* Application */ = {
			isa = PBXGroup;
			children = (
				D3EDD4EC28523BD50060E78F /* AppDelegate.swift */,
				D3EDD4EE28523BD50060E78F /* SceneDelegate.swift */,
			);
			path = Application;
			sourceTree = "<group>";
		};
		D313C792285C650700175C32 /* Sources */ = {
			isa = PBXGroup;
			children = (
				D313C79B285C730100175C32 /* View */,
				D30EB7D4285347E90061DB82 /* Models */,
				D313C794285C657400175C32 /* Flows */,
				D313C796285C65CD00175C32 /* Services */,
				D313C797285C6C7D00175C32 /* Constants.swift */,
			);
			path = Sources;
			sourceTree = "<group>";
		};
		D313C793285C652300175C32 /* Resources */ = {
			isa = PBXGroup;
			children = (
				D3F454922878507C00ECC993 /* Info.plist */,
				D3EDD4F828523BD70060E78F /* Assets.xcassets */,
				D3EDD4FA28523BD70060E78F /* LaunchScreen.storyboard */,
			);
			path = Resources;
			sourceTree = "<group>";
		};
		D313C794285C657400175C32 /* Flows */ = {
			isa = PBXGroup;
			children = (
				D3C0590F286AF81F0067931E /* Teams */,
				D313C7AB2860659200175C32 /* DetailTeamViewController.swift */,
				D313C7AD2860666800175C32 /* DetailTeamDelegate.swift */,
				D33CEE722861E69800C6FB71 /* ProfileViewController.swift */,
				D3EDD4F228523BD50060E78F /* Main.storyboard */,
			);
			path = Flows;
			sourceTree = "<group>";
		};
		D313C796285C65CD00175C32 /* Services */ = {
			isa = PBXGroup;
			children = (
				D30EB7D5285349AE0061DB82 /* DataStoreManager.swift */,
			);
			path = Services;
			sourceTree = "<group>";
		};
		D313C79B285C730100175C32 /* View */ = {
			isa = PBXGroup;
			children = (
				D313C79C285C730600175C32 /* Cell */,
			);
			path = View;
			sourceTree = "<group>";
		};
		D313C79C285C730600175C32 /* Cell */ = {
			isa = PBXGroup;
			children = (
				D313C7A5285C9C5C00175C32 /* TeamCell.swift */,
				D313C7A6285C9C5C00175C32 /* TeamCell.xib */,
				D3C05917286B2BEF0067931E /* EmployeeCell.swift */,
				D3C05918286B2BEF0067931E /* EmployeeCell.xib */,
			);
			path = Cell;
			sourceTree = "<group>";
		};
		D3C0590F286AF81F0067931E /* Teams */ = {
			isa = PBXGroup;
			children = (
				D3EDD4F028523BD50060E78F /* TeamsViewController.swift */,
				D3C05910286AF8490067931E /* NoResultView.swift */,
			);
			path = Teams;
			sourceTree = "<group>";
		};
		D3EDD4E028523BD50060E78F = {
			isa = PBXGroup;
			children = (
				D3EDD4EB28523BD50060E78F /* TeamsManager */,
				D3EDD4EA28523BD50060E78F /* Products */,
			);
			sourceTree = "<group>";
		};
		D3EDD4EA28523BD50060E78F /* Products */ = {
			isa = PBXGroup;
			children = (
				D3EDD4E928523BD50060E78F /* TeamsManager.app */,
			);
			name = Products;
			sourceTree = "<group>";
		};
		D3EDD4EB28523BD50060E78F /* TeamsManager */ = {
			isa = PBXGroup;
			children = (
				D313C793285C652300175C32 /* Resources */,
				D313C792285C650700175C32 /* Sources */,
				D313C791285C64E600175C32 /* Application */,
				D3EDD4F528523BD50060E78F /* TeamsManager.xcdatamodeld */,
			);
			path = TeamsManager;
			sourceTree = "<group>";
		};
/* End PBXGroup section */

/* Begin PBXNativeTarget section */
		D3EDD4E828523BD50060E78F /* TeamsManager */ = {
			isa = PBXNativeTarget;
			buildConfigurationList = D3EDD50028523BD70060E78F /* Build configuration list for PBXNativeTarget "TeamsManager" */;
			buildPhases = (
				D3EDD4E528523BD50060E78F /* Sources */,
				D3EDD4E628523BD50060E78F /* Frameworks */,
				D3EDD4E728523BD50060E78F /* Resources */,
			);
			buildRules = (
			);
			dependencies = (
			);
			name = TeamsManager;
			productName = TeamsManager;
			productReference = D3EDD4E928523BD50060E78F /* TeamsManager.app */;
			productType = "com.apple.product-type.application";
		};
/* End PBXNativeTarget section */

/* Begin PBXProject section */
		D3EDD4E128523BD50060E78F /* Project object */ = {
			isa = PBXProject;
			attributes = {
				BuildIndependentTargetsInParallel = 1;
				LastSwiftUpdateCheck = 1340;
				LastUpgradeCheck = 1340;
				TargetAttributes = {
					D3EDD4E828523BD50060E78F = {
						CreatedOnToolsVersion = 13.4.1;
					};
				};
			};
			buildConfigurationList = D3EDD4E428523BD50060E78F /* Build configuration list for PBXProject "TeamsManager" */;
			compatibilityVersion = "Xcode 13.0";
			developmentRegion = en;
			hasScannedForEncodings = 0;
			knownRegions = (
				en,
				Base,
			);
			mainGroup = D3EDD4E028523BD50060E78F;
			productRefGroup = D3EDD4EA28523BD50060E78F /* Products */;
			projectDirPath = "";
			projectRoot = "";
			targets = (
				D3EDD4E828523BD50060E78F /* TeamsManager */,
			);
		};
/* End PBXProject section */

/* Begin PBXResourcesBuildPhase section */
		D3EDD4E728523BD50060E78F /* Resources */ = {
			isa = PBXResourcesBuildPhase;
			buildActionMask = 2147483647;
			files = (
				D313C7A8285C9C5C00175C32 /* TeamCell.xib in Resources */,
				D3EDD4FC28523BD70060E78F /* LaunchScreen.storyboard in Resources */,
				D3EDD4F928523BD70060E78F /* Assets.xcassets in Resources */,
				D3EDD4F428523BD50060E78F /* Main.storyboard in Resources */,
				D3C0591A286B2BEF0067931E /* EmployeeCell.xib in Resources */,
			);
			runOnlyForDeploymentPostprocessing = 0;
		};
/* End PBXResourcesBuildPhase section */

/* Begin PBXSourcesBuildPhase section */
		D3EDD4E528523BD50060E78F /* Sources */ = {
			isa = PBXSourcesBuildPhase;
			buildActionMask = 2147483647;
			files = (
				D30EB7D2285347E40061DB82 /* Employee+CoreDataClass.swift in Sources */,
				D30EB7D3285347E40061DB82 /* Employee+CoreDataProperties.swift in Sources */,
				D313C7AC2860659200175C32 /* DetailTeamViewController.swift in Sources */,
				D313C7AE2860666800175C32 /* DetailTeamDelegate.swift in Sources */,
				D313C7A7285C9C5C00175C32 /* TeamCell.swift in Sources */,
				D30EB7CF285347E40061DB82 /* Location+CoreDataProperties.swift in Sources */,
				D33CEE732861E69800C6FB71 /* ProfileViewController.swift in Sources */,
				D30EB7D0285347E40061DB82 /* Group+CoreDataClass.swift in Sources */,
				D3C05919286B2BEF0067931E /* EmployeeCell.swift in Sources */,
				D30EB7D6285349AE0061DB82 /* DataStoreManager.swift in Sources */,
				D30EB7CE285347E40061DB82 /* Location+CoreDataClass.swift in Sources */,
				D30EB7CC285347E40061DB82 /* Position+CoreDataClass.swift in Sources */,
				D3EDD4F128523BD50060E78F /* TeamsViewController.swift in Sources */,
				D30EB7CD285347E40061DB82 /* Position+CoreDataProperties.swift in Sources */,
				D3EDD4ED28523BD50060E78F /* AppDelegate.swift in Sources */,
				D30EB7D1285347E40061DB82 /* Group+CoreDataProperties.swift in Sources */,
				D313C798285C6C7D00175C32 /* Constants.swift in Sources */,
				D3EDD4F728523BD50060E78F /* TeamsManager.xcdatamodeld in Sources */,
				D3C05911286AF8490067931E /* NoResultView.swift in Sources */,
				D3EDD4EF28523BD50060E78F /* SceneDelegate.swift in Sources */,
			);
			runOnlyForDeploymentPostprocessing = 0;
		};
/* End PBXSourcesBuildPhase section */

/* Begin PBXVariantGroup section */
		D3EDD4F228523BD50060E78F /* Main.storyboard */ = {
			isa = PBXVariantGroup;
			children = (
				D3EDD4F328523BD50060E78F /* Base */,
			);
			name = Main.storyboard;
			sourceTree = "<group>";
		};
		D3EDD4FA28523BD70060E78F /* LaunchScreen.storyboard */ = {
			isa = PBXVariantGroup;
			children = (
				D3EDD4FB28523BD70060E78F /* Base */,
			);
			name = LaunchScreen.storyboard;
			sourceTree = "<group>";
		};
/* End PBXVariantGroup section */

/* Begin XCBuildConfiguration section */
		D3EDD4FE28523BD70060E78F /* Debug */ = {
			isa = XCBuildConfiguration;
			buildSettings = {
				ALWAYS_SEARCH_USER_PATHS = NO;
				CLANG_ANALYZER_NONNULL = YES;
				CLANG_ANALYZER_NUMBER_OBJECT_CONVERSION = YES_AGGRESSIVE;
				CLANG_CXX_LANGUAGE_STANDARD = "gnu++17";
				CLANG_ENABLE_MODULES = YES;
				CLANG_ENABLE_OBJC_ARC = YES;
				CLANG_ENABLE_OBJC_WEAK = YES;
				CLANG_WARN_BLOCK_CAPTURE_AUTORELEASING = YES;
				CLANG_WARN_BOOL_CONVERSION = YES;
				CLANG_WARN_COMMA = YES;
				CLANG_WARN_CONSTANT_CONVERSION = YES;
				CLANG_WARN_DEPRECATED_OBJC_IMPLEMENTATIONS = YES;
				CLANG_WARN_DIRECT_OBJC_ISA_USAGE = YES_ERROR;
				CLANG_WARN_DOCUMENTATION_COMMENTS = YES;
				CLANG_WARN_EMPTY_BODY = YES;
				CLANG_WARN_ENUM_CONVERSION = YES;
				CLANG_WARN_INFINITE_RECURSION = YES;
				CLANG_WARN_INT_CONVERSION = YES;
				CLANG_WARN_NON_LITERAL_NULL_CONVERSION = YES;
				CLANG_WARN_OBJC_IMPLICIT_RETAIN_SELF = YES;
				CLANG_WARN_OBJC_LITERAL_CONVERSION = YES;
				CLANG_WARN_OBJC_ROOT_CLASS = YES_ERROR;
				CLANG_WARN_QUOTED_INCLUDE_IN_FRAMEWORK_HEADER = YES;
				CLANG_WARN_RANGE_LOOP_ANALYSIS = YES;
				CLANG_WARN_STRICT_PROTOTYPES = YES;
				CLANG_WARN_SUSPICIOUS_MOVE = YES;
				CLANG_WARN_UNGUARDED_AVAILABILITY = YES_AGGRESSIVE;
				CLANG_WARN_UNREACHABLE_CODE = YES;
				CLANG_WARN__DUPLICATE_METHOD_MATCH = YES;
				COPY_PHASE_STRIP = NO;
				DEBUG_INFORMATION_FORMAT = dwarf;
				ENABLE_STRICT_OBJC_MSGSEND = YES;
				ENABLE_TESTABILITY = YES;
				GCC_C_LANGUAGE_STANDARD = gnu11;
				GCC_DYNAMIC_NO_PIC = NO;
				GCC_NO_COMMON_BLOCKS = YES;
				GCC_OPTIMIZATION_LEVEL = 0;
				GCC_PREPROCESSOR_DEFINITIONS = (
					"DEBUG=1",
					"$(inherited)",
				);
				GCC_WARN_64_TO_32_BIT_CONVERSION = YES;
				GCC_WARN_ABOUT_RETURN_TYPE = YES_ERROR;
				GCC_WARN_UNDECLARED_SELECTOR = YES;
				GCC_WARN_UNINITIALIZED_AUTOS = YES_AGGRESSIVE;
				GCC_WARN_UNUSED_FUNCTION = YES;
				GCC_WARN_UNUSED_VARIABLE = YES;
				IPHONEOS_DEPLOYMENT_TARGET = 15.5;
				MTL_ENABLE_DEBUG_INFO = INCLUDE_SOURCE;
				MTL_FAST_MATH = YES;
				ONLY_ACTIVE_ARCH = YES;
				SDKROOT = iphoneos;
				SWIFT_ACTIVE_COMPILATION_CONDITIONS = DEBUG;
				SWIFT_OPTIMIZATION_LEVEL = "-Onone";
			};
			name = Debug;
		};
		D3EDD4FF28523BD70060E78F /* Release */ = {
			isa = XCBuildConfiguration;
			buildSettings = {
				ALWAYS_SEARCH_USER_PATHS = NO;
				CLANG_ANALYZER_NONNULL = YES;
				CLANG_ANALYZER_NUMBER_OBJECT_CONVERSION = YES_AGGRESSIVE;
				CLANG_CXX_LANGUAGE_STANDARD = "gnu++17";
				CLANG_ENABLE_MODULES = YES;
				CLANG_ENABLE_OBJC_ARC = YES;
				CLANG_ENABLE_OBJC_WEAK = YES;
				CLANG_WARN_BLOCK_CAPTURE_AUTORELEASING = YES;
				CLANG_WARN_BOOL_CONVERSION = YES;
				CLANG_WARN_COMMA = YES;
				CLANG_WARN_CONSTANT_CONVERSION = YES;
				CLANG_WARN_DEPRECATED_OBJC_IMPLEMENTATIONS = YES;
				CLANG_WARN_DIRECT_OBJC_ISA_USAGE = YES_ERROR;
				CLANG_WARN_DOCUMENTATION_COMMENTS = YES;
				CLANG_WARN_EMPTY_BODY = YES;
				CLANG_WARN_ENUM_CONVERSION = YES;
				CLANG_WARN_INFINITE_RECURSION = YES;
				CLANG_WARN_INT_CONVERSION = YES;
				CLANG_WARN_NON_LITERAL_NULL_CONVERSION = YES;
				CLANG_WARN_OBJC_IMPLICIT_RETAIN_SELF = YES;
				CLANG_WARN_OBJC_LITERAL_CONVERSION = YES;
				CLANG_WARN_OBJC_ROOT_CLASS = YES_ERROR;
				CLANG_WARN_QUOTED_INCLUDE_IN_FRAMEWORK_HEADER = YES;
				CLANG_WARN_RANGE_LOOP_ANALYSIS = YES;
				CLANG_WARN_STRICT_PROTOTYPES = YES;
				CLANG_WARN_SUSPICIOUS_MOVE = YES;
				CLANG_WARN_UNGUARDED_AVAILABILITY = YES_AGGRESSIVE;
				CLANG_WARN_UNREACHABLE_CODE = YES;
				CLANG_WARN__DUPLICATE_METHOD_MATCH = YES;
				COPY_PHASE_STRIP = NO;
				DEBUG_INFORMATION_FORMAT = "dwarf-with-dsym";
				ENABLE_NS_ASSERTIONS = NO;
				ENABLE_STRICT_OBJC_MSGSEND = YES;
				GCC_C_LANGUAGE_STANDARD = gnu11;
				GCC_NO_COMMON_BLOCKS = YES;
				GCC_WARN_64_TO_32_BIT_CONVERSION = YES;
				GCC_WARN_ABOUT_RETURN_TYPE = YES_ERROR;
				GCC_WARN_UNDECLARED_SELECTOR = YES;
				GCC_WARN_UNINITIALIZED_AUTOS = YES_AGGRESSIVE;
				GCC_WARN_UNUSED_FUNCTION = YES;
				GCC_WARN_UNUSED_VARIABLE = YES;
				IPHONEOS_DEPLOYMENT_TARGET = 15.5;
				MTL_ENABLE_DEBUG_INFO = NO;
				MTL_FAST_MATH = YES;
				SDKROOT = iphoneos;
				SWIFT_COMPILATION_MODE = wholemodule;
				SWIFT_OPTIMIZATION_LEVEL = "-O";
				VALIDATE_PRODUCT = YES;
			};
			name = Release;
		};
		D3EDD50128523BD70060E78F /* Debug */ = {
			isa = XCBuildConfiguration;
			buildSettings = {
				ASSETCATALOG_COMPILER_APPICON_NAME = AppIcon;
				ASSETCATALOG_COMPILER_GLOBAL_ACCENT_COLOR_NAME = AccentColor;
				CODE_SIGN_STYLE = Automatic;
				CURRENT_PROJECT_VERSION = 1;
				DEVELOPMENT_TEAM = 7UX23FZ642;
				GENERATE_INFOPLIST_FILE = YES;
				INFOPLIST_FILE = TeamsManager/Resources/Info.plist;
				INFOPLIST_KEY_UIApplicationSupportsIndirectInputEvents = YES;
				INFOPLIST_KEY_UILaunchStoryboardName = LaunchScreen;
				INFOPLIST_KEY_UIMainStoryboardFile = Main;
				INFOPLIST_KEY_UIStatusBarHidden = NO;
				INFOPLIST_KEY_UISupportedInterfaceOrientations_iPad = "UIInterfaceOrientationPortrait UIInterfaceOrientationPortraitUpsideDown UIInterfaceOrientationLandscapeLeft UIInterfaceOrientationLandscapeRight";
				INFOPLIST_KEY_UISupportedInterfaceOrientations_iPhone = "UIInterfaceOrientationPortrait UIInterfaceOrientationLandscapeLeft UIInterfaceOrientationLandscapeRight";
				LD_RUNPATH_SEARCH_PATHS = (
					"$(inherited)",
					"@executable_path/Frameworks",
				);
				MARKETING_VERSION = 0.4;
				PRODUCT_BUNDLE_IDENTIFIER = com.task.TeamsManager;
				PRODUCT_NAME = "$(TARGET_NAME)";
				SWIFT_EMIT_LOC_STRINGS = YES;
				SWIFT_VERSION = 5.0;
				TARGETED_DEVICE_FAMILY = "1,2";
			};
			name = Debug;
		};
		D3EDD50228523BD70060E78F /* Release */ = {
			isa = XCBuildConfiguration;
			buildSettings = {
				ASSETCATALOG_COMPILER_APPICON_NAME = AppIcon;
				ASSETCATALOG_COMPILER_GLOBAL_ACCENT_COLOR_NAME = AccentColor;
				CODE_SIGN_STYLE = Automatic;
				CURRENT_PROJECT_VERSION = 1;
				DEVELOPMENT_TEAM = 7UX23FZ642;
				GENERATE_INFOPLIST_FILE = YES;
				INFOPLIST_FILE = TeamsManager/Resources/Info.plist;
				INFOPLIST_KEY_UIApplicationSupportsIndirectInputEvents = YES;
				INFOPLIST_KEY_UILaunchStoryboardName = LaunchScreen;
				INFOPLIST_KEY_UIMainStoryboardFile = Main;
				INFOPLIST_KEY_UIStatusBarHidden = NO;
				INFOPLIST_KEY_UISupportedInterfaceOrientations_iPad = "UIInterfaceOrientationPortrait UIInterfaceOrientationPortraitUpsideDown UIInterfaceOrientationLandscapeLeft UIInterfaceOrientationLandscapeRight";
				INFOPLIST_KEY_UISupportedInterfaceOrientations_iPhone = "UIInterfaceOrientationPortrait UIInterfaceOrientationLandscapeLeft UIInterfaceOrientationLandscapeRight";
				LD_RUNPATH_SEARCH_PATHS = (
					"$(inherited)",
					"@executable_path/Frameworks",
				);
				MARKETING_VERSION = 0.4;
				PRODUCT_BUNDLE_IDENTIFIER = com.task.TeamsManager;
				PRODUCT_NAME = "$(TARGET_NAME)";
				SWIFT_EMIT_LOC_STRINGS = YES;
				SWIFT_VERSION = 5.0;
				TARGETED_DEVICE_FAMILY = "1,2";
			};
			name = Release;
		};
/* End XCBuildConfiguration section */

/* Begin XCConfigurationList section */
		D3EDD4E428523BD50060E78F /* Build configuration list for PBXProject "TeamsManager" */ = {
			isa = XCConfigurationList;
			buildConfigurations = (
				D3EDD4FE28523BD70060E78F /* Debug */,
				D3EDD4FF28523BD70060E78F /* Release */,
			);
			defaultConfigurationIsVisible = 0;
			defaultConfigurationName = Release;
		};
		D3EDD50028523BD70060E78F /* Build configuration list for PBXNativeTarget "TeamsManager" */ = {
			isa = XCConfigurationList;
			buildConfigurations = (
				D3EDD50128523BD70060E78F /* Debug */,
				D3EDD50228523BD70060E78F /* Release */,
			);
			defaultConfigurationIsVisible = 0;
			defaultConfigurationName = Release;
		};
/* End XCConfigurationList section */

/* Begin XCVersionGroup section */
		D3EDD4F528523BD50060E78F /* TeamsManager.xcdatamodeld */ = {
			isa = XCVersionGroup;
			children = (
				D3EDD4F628523BD50060E78F /* TeamsManager.xcdatamodel */,
			);
			currentVersion = D3EDD4F628523BD50060E78F /* TeamsManager.xcdatamodel */;
			path = TeamsManager.xcdatamodeld;
			sourceTree = "<group>";
			versionGroupType = wrapper.xcdatamodel;
		};
/* End XCVersionGroup section */
	};
	rootObject = D3EDD4E128523BD50060E78F /* Project object */;
}
